{
  "name": "First-App",
  "lockfileVersion": 2,
  "requires": true,
  "packages": {
    "": {
      "dependencies": {
        "flash-messages-angular": "^4.0.1"
      }
    },
    "node_modules/flash-messages-angular": {
      "version": "4.0.1",
      "resolved": "https://registry.npmjs.org/flash-messages-angular/-/flash-messages-angular-4.0.1.tgz",
      "integrity": "sha512-cspOrYFPTnJFm7gpQ0piZI30mJbgtWOY2zSAOEJqjjmS0T3WygRTXq9vYsiDNOYcFizAluJaM+w7xKopAUW31w=="
    }
  },
  "dependencies": {
    "flash-messages-angular": {
      "version": "4.0.1",
      "resolved": "https://registry.npmjs.org/flash-messages-angular/-/flash-messages-angular-4.0.1.tgz",
      "integrity": "sha512-cspOrYFPTnJFm7gpQ0piZI30mJbgtWOY2zSAOEJqjjmS0T3WygRTXq9vYsiDNOYcFizAluJaM+w7xKopAUW31w=="
    }
  }
}
